// !$*UTF8*$!
{
	archiveVersion = 1;
	classes = {
	};
	objectVersion = 46;
	objects = {

/* Begin PBXBuildFile section */
		090145A71CA7F03000EC0C59 /* Heroine.cpp in Sources */ = {isa = PBXBuildFile; fileRef = 090145A51CA7F03000EC0C59 /* Heroine.cpp */; };
		090145AA1CA7F2DC00EC0C59 /* HeroineState.cpp in Sources */ = {isa = PBXBuildFile; fileRef = 090145A81CA7F2DC00EC0C59 /* HeroineState.cpp */; };
		090145AD1CA7F4D800EC0C59 /* HeroineStandingState.cpp in Sources */ = {isa = PBXBuildFile; fileRef = 090145AB1CA7F4D800EC0C59 /* HeroineStandingState.cpp */; };
		090145B11CA91AE200EC0C59 /* SETransform.cpp in Sources */ = {isa = PBXBuildFile; fileRef = 090145AF1CA91AE200EC0C59 /* SETransform.cpp */; };
		090145B41CA91B7F00EC0C59 /* SEComponent.cpp in Sources */ = {isa = PBXBuildFile; fileRef = 090145B21CA91B7F00EC0C59 /* SEComponent.cpp */; };
		090145B71CA91DEB00EC0C59 /* SESprite.cpp in Sources */ = {isa = PBXBuildFile; fileRef = 090145B51CA91DEB00EC0C59 /* SESprite.cpp */; };
		090F5C311CB0E0D500705DC3 /* MonsterState.cpp in Sources */ = {isa = PBXBuildFile; fileRef = 090F5C2F1CB0E0D500705DC3 /* MonsterState.cpp */; };
		090F5C341CB0E16B00705DC3 /* Monster.cpp in Sources */ = {isa = PBXBuildFile; fileRef = 090F5C321CB0E16B00705DC3 /* Monster.cpp */; };
		090F5C371CB0E2BC00705DC3 /* MonsterStandingState.cpp in Sources */ = {isa = PBXBuildFile; fileRef = 090F5C351CB0E2BC00705DC3 /* MonsterStandingState.cpp */; };
		090F5C3A1CB0E3CA00705DC3 /* MonsterMovingState.cpp in Sources */ = {isa = PBXBuildFile; fileRef = 090F5C381CB0E3CA00705DC3 /* MonsterMovingState.cpp */; };
		092848DC1CAA6E4B00E95BA0 /* SEAutoReleasePool.cpp in Sources */ = {isa = PBXBuildFile; fileRef = 092848DA1CAA6E4B00E95BA0 /* SEAutoReleasePool.cpp */; };
		092848E21CAA9DE100E95BA0 /* SERef.cpp in Sources */ = {isa = PBXBuildFile; fileRef = 092848E01CAA9DE100E95BA0 /* SERef.cpp */; };
		092848E51CAB5D2E00E95BA0 /* StartScene.cpp in Sources */ = {isa = PBXBuildFile; fileRef = 092848E31CAB5D2E00E95BA0 /* StartScene.cpp */; };
		092848E81CABD9DF00E95BA0 /* HeroineMovingState.cpp in Sources */ = {isa = PBXBuildFile; fileRef = 092848E61CABD9DF00E95BA0 /* HeroineMovingState.cpp */; };
		0985B5A21C9E916A00DF6093 /* main.cpp in Sources */ = {isa = PBXBuildFile; fileRef = 0985B5A11C9E916A00DF6093 /* main.cpp */; };
		0985B5A91C9E91A700DF6093 /* SDL2.framework in Frameworks */ = {isa = PBXBuildFile; fileRef = 0985B5A81C9E91A700DF6093 /* SDL2.framework */; };
		099939FC1CC1F1DB00B38173 /* UIBuildController.cpp in Sources */ = {isa = PBXBuildFile; fileRef = 099939FA1CC1F1DB00B38173 /* UIBuildController.cpp */; };
		09AEB0AA1CACBAE3008A403D /* SEEventListener.cpp in Sources */ = {isa = PBXBuildFile; fileRef = 09AEB0A81CACBAE3008A403D /* SEEventListener.cpp */; };
		09BB28DE1CA236BA00BE74A2 /* SDL2_image.framework in Frameworks */ = {isa = PBXBuildFile; fileRef = 09BB28DB1CA236BA00BE74A2 /* SDL2_image.framework */; };
		09BB28DF1CA236BA00BE74A2 /* SDL2_mixer.framework in Frameworks */ = {isa = PBXBuildFile; fileRef = 09BB28DC1CA236BA00BE74A2 /* SDL2_mixer.framework */; };
		09BB28E01CA236BA00BE74A2 /* SDL2_ttf.framework in Frameworks */ = {isa = PBXBuildFile; fileRef = 09BB28DD1CA236BA00BE74A2 /* SDL2_ttf.framework */; };
		09BB28E31CA293E200BE74A2 /* SEWindow.cpp in Sources */ = {isa = PBXBuildFile; fileRef = 09BB28E11CA293E200BE74A2 /* SEWindow.cpp */; };
		09BB28F81CA394F700BE74A2 /* Command.cpp in Sources */ = {isa = PBXBuildFile; fileRef = 09BB28F41CA394F700BE74A2 /* Command.cpp */; };
		09BB28F91CA394F700BE74A2 /* InputHandler.cpp in Sources */ = {isa = PBXBuildFile; fileRef = 09BB28F61CA394F700BE74A2 /* InputHandler.cpp */; };
		09BB28FD1CA3974F00BE74A2 /* SEGameEntity.cpp in Sources */ = {isa = PBXBuildFile; fileRef = 09BB28FB1CA3974F00BE74A2 /* SEGameEntity.cpp */; };
		09E21B6E1CB280000095C444 /* HeroineAttackingState.cpp in Sources */ = {isa = PBXBuildFile; fileRef = 09E21B6C1CB280000095C444 /* HeroineAttackingState.cpp */; };
		09E21B721CB3364A0095C444 /* TagManager.cpp in Sources */ = {isa = PBXBuildFile; fileRef = 09E21B701CB3364A0095C444 /* TagManager.cpp */; };
		09E21B751CB4F4930095C444 /* MonsterAttackingState.cpp in Sources */ = {isa = PBXBuildFile; fileRef = 09E21B731CB4F4930095C444 /* MonsterAttackingState.cpp */; };
		09E21B781CB766790095C444 /* UIRoot.cpp in Sources */ = {isa = PBXBuildFile; fileRef = 09E21B761CB766790095C444 /* UIRoot.cpp */; };
		09E21B8F1CB791720095C444 /* MoveEntity.cpp in Sources */ = {isa = PBXBuildFile; fileRef = 09E21B8D1CB791720095C444 /* MoveEntity.cpp */; };
		09E21B921CB793160095C444 /* SEClipSprite.cpp in Sources */ = {isa = PBXBuildFile; fileRef = 09E21B901CB793160095C444 /* SEClipSprite.cpp */; };
		09F178391CAA161D00ECED44 /* SEDirector.cpp in Sources */ = {isa = PBXBuildFile; fileRef = 09F178371CAA161D00ECED44 /* SEDirector.cpp */; };
/* End PBXBuildFile section */

/* Begin PBXCopyFilesBuildPhase section */
		0985B59C1C9E916A00DF6093 /* CopyFiles */ = {
			isa = PBXCopyFilesBuildPhase;
			buildActionMask = 2147483647;
			dstPath = /usr/share/man/man1/;
			dstSubfolderSpec = 0;
			files = (
			);
			runOnlyForDeploymentPostprocessing = 1;
		};
/* End PBXCopyFilesBuildPhase section */

/* Begin PBXFileReference section */
		090145A51CA7F03000EC0C59 /* Heroine.cpp */ = {isa = PBXFileReference; fileEncoding = 4; lastKnownFileType = sourcecode.cpp.cpp; path = Heroine.cpp; sourceTree = "<group>"; };
		090145A61CA7F03000EC0C59 /* Heroine.hpp */ = {isa = PBXFileReference; fileEncoding = 4; lastKnownFileType = sourcecode.cpp.h; path = Heroine.hpp; sourceTree = "<group>"; };
		090145A81CA7F2DC00EC0C59 /* HeroineState.cpp */ = {isa = PBXFileReference; fileEncoding = 4; lastKnownFileType = sourcecode.cpp.cpp; path = HeroineState.cpp; sourceTree = "<group>"; };
		090145A91CA7F2DC00EC0C59 /* HeroineState.hpp */ = {isa = PBXFileReference; fileEncoding = 4; lastKnownFileType = sourcecode.cpp.h; path = HeroineState.hpp; sourceTree = "<group>"; };
		090145AB1CA7F4D800EC0C59 /* HeroineStandingState.cpp */ = {isa = PBXFileReference; fileEncoding = 4; lastKnownFileType = sourcecode.cpp.cpp; path = HeroineStandingState.cpp; sourceTree = "<group>"; };
		090145AC1CA7F4D800EC0C59 /* HeroineStandingState.hpp */ = {isa = PBXFileReference; fileEncoding = 4; lastKnownFileType = sourcecode.cpp.h; path = HeroineStandingState.hpp; sourceTree = "<group>"; };
		090145AF1CA91AE200EC0C59 /* SETransform.cpp */ = {isa = PBXFileReference; fileEncoding = 4; lastKnownFileType = sourcecode.cpp.cpp; path = SETransform.cpp; sourceTree = "<group>"; };
		090145B01CA91AE200EC0C59 /* SETransform.hpp */ = {isa = PBXFileReference; fileEncoding = 4; lastKnownFileType = sourcecode.cpp.h; path = SETransform.hpp; sourceTree = "<group>"; };
		090145B21CA91B7F00EC0C59 /* SEComponent.cpp */ = {isa = PBXFileReference; fileEncoding = 4; lastKnownFileType = sourcecode.cpp.cpp; path = SEComponent.cpp; sourceTree = "<group>"; };
		090145B31CA91B7F00EC0C59 /* SEComponent.hpp */ = {isa = PBXFileReference; fileEncoding = 4; lastKnownFileType = sourcecode.cpp.h; path = SEComponent.hpp; sourceTree = "<group>"; };
		090145B51CA91DEB00EC0C59 /* SESprite.cpp */ = {isa = PBXFileReference; fileEncoding = 4; lastKnownFileType = sourcecode.cpp.cpp; path = SESprite.cpp; sourceTree = "<group>"; };
		090145B61CA91DEB00EC0C59 /* SESprite.hpp */ = {isa = PBXFileReference; fileEncoding = 4; lastKnownFileType = sourcecode.cpp.h; path = SESprite.hpp; sourceTree = "<group>"; };
		090F5C2D1CAF5FB700705DC3 /* SimpleEngineMacros.h */ = {isa = PBXFileReference; lastKnownFileType = sourcecode.c.h; path = SimpleEngineMacros.h; sourceTree = "<group>"; };
		090F5C2E1CAF6BCD00705DC3 /* SimpleEngine.h */ = {isa = PBXFileReference; lastKnownFileType = sourcecode.c.h; path = SimpleEngine.h; sourceTree = "<group>"; };
		090F5C2F1CB0E0D500705DC3 /* MonsterState.cpp */ = {isa = PBXFileReference; fileEncoding = 4; lastKnownFileType = sourcecode.cpp.cpp; path = MonsterState.cpp; sourceTree = "<group>"; };
		090F5C301CB0E0D500705DC3 /* MonsterState.hpp */ = {isa = PBXFileReference; fileEncoding = 4; lastKnownFileType = sourcecode.cpp.h; path = MonsterState.hpp; sourceTree = "<group>"; };
		090F5C321CB0E16B00705DC3 /* Monster.cpp */ = {isa = PBXFileReference; fileEncoding = 4; lastKnownFileType = sourcecode.cpp.cpp; path = Monster.cpp; sourceTree = "<group>"; };
		090F5C331CB0E16B00705DC3 /* Monster.hpp */ = {isa = PBXFileReference; fileEncoding = 4; lastKnownFileType = sourcecode.cpp.h; path = Monster.hpp; sourceTree = "<group>"; };
		090F5C351CB0E2BC00705DC3 /* MonsterStandingState.cpp */ = {isa = PBXFileReference; fileEncoding = 4; lastKnownFileType = sourcecode.cpp.cpp; path = MonsterStandingState.cpp; sourceTree = "<group>"; };
		090F5C361CB0E2BC00705DC3 /* MonsterStandingState.hpp */ = {isa = PBXFileReference; fileEncoding = 4; lastKnownFileType = sourcecode.cpp.h; path = MonsterStandingState.hpp; sourceTree = "<group>"; };
		090F5C381CB0E3CA00705DC3 /* MonsterMovingState.cpp */ = {isa = PBXFileReference; fileEncoding = 4; lastKnownFileType = sourcecode.cpp.cpp; path = MonsterMovingState.cpp; sourceTree = "<group>"; };
		090F5C391CB0E3CA00705DC3 /* MonsterMovingState.hpp */ = {isa = PBXFileReference; fileEncoding = 4; lastKnownFileType = sourcecode.cpp.h; path = MonsterMovingState.hpp; sourceTree = "<group>"; };
		092848DA1CAA6E4B00E95BA0 /* SEAutoReleasePool.cpp */ = {isa = PBXFileReference; fileEncoding = 4; lastKnownFileType = sourcecode.cpp.cpp; path = SEAutoReleasePool.cpp; sourceTree = "<group>"; };
		092848DB1CAA6E4B00E95BA0 /* SEAutoReleasePool.hpp */ = {isa = PBXFileReference; fileEncoding = 4; lastKnownFileType = sourcecode.cpp.h; path = SEAutoReleasePool.hpp; sourceTree = "<group>"; };
		092848E01CAA9DE100E95BA0 /* SERef.cpp */ = {isa = PBXFileReference; fileEncoding = 4; lastKnownFileType = sourcecode.cpp.cpp; path = SERef.cpp; sourceTree = "<group>"; };
		092848E11CAA9DE100E95BA0 /* SERef.hpp */ = {isa = PBXFileReference; fileEncoding = 4; lastKnownFileType = sourcecode.cpp.h; path = SERef.hpp; sourceTree = "<group>"; };
		092848E31CAB5D2E00E95BA0 /* StartScene.cpp */ = {isa = PBXFileReference; fileEncoding = 4; lastKnownFileType = sourcecode.cpp.cpp; path = StartScene.cpp; sourceTree = "<group>"; };
		092848E41CAB5D2E00E95BA0 /* StartScene.hpp */ = {isa = PBXFileReference; fileEncoding = 4; lastKnownFileType = sourcecode.cpp.h; path = StartScene.hpp; sourceTree = "<group>"; };
		092848E61CABD9DF00E95BA0 /* HeroineMovingState.cpp */ = {isa = PBXFileReference; fileEncoding = 4; lastKnownFileType = sourcecode.cpp.cpp; path = HeroineMovingState.cpp; sourceTree = "<group>"; };
		092848E71CABD9DF00E95BA0 /* HeroineMovingState.hpp */ = {isa = PBXFileReference; fileEncoding = 4; lastKnownFileType = sourcecode.cpp.h; path = HeroineMovingState.hpp; sourceTree = "<group>"; };
		0985B59E1C9E916A00DF6093 /* SDLGameTD */ = {isa = PBXFileReference; explicitFileType = "compiled.mach-o.executable"; includeInIndex = 0; path = SDLGameTD; sourceTree = BUILT_PRODUCTS_DIR; };
		0985B5A11C9E916A00DF6093 /* main.cpp */ = {isa = PBXFileReference; lastKnownFileType = sourcecode.cpp.cpp; path = main.cpp; sourceTree = "<group>"; };
		0985B5A81C9E91A700DF6093 /* SDL2.framework */ = {isa = PBXFileReference; lastKnownFileType = wrapper.framework; name = SDL2.framework; path = ../../../../../Library/Frameworks/SDL2.framework; sourceTree = "<group>"; };
		099939FA1CC1F1DB00B38173 /* UIBuildController.cpp */ = {isa = PBXFileReference; fileEncoding = 4; lastKnownFileType = sourcecode.cpp.cpp; path = UIBuildController.cpp; sourceTree = "<group>"; };
		099939FB1CC1F1DB00B38173 /* UIBuildController.hpp */ = {isa = PBXFileReference; fileEncoding = 4; lastKnownFileType = sourcecode.cpp.h; path = UIBuildController.hpp; sourceTree = "<group>"; };
		09AEB0A81CACBAE3008A403D /* SEEventListener.cpp */ = {isa = PBXFileReference; fileEncoding = 4; lastKnownFileType = sourcecode.cpp.cpp; path = SEEventListener.cpp; sourceTree = "<group>"; };
		09AEB0A91CACBAE3008A403D /* SEEventListener.hpp */ = {isa = PBXFileReference; fileEncoding = 4; lastKnownFileType = sourcecode.cpp.h; path = SEEventListener.hpp; sourceTree = "<group>"; };
		09BB28DB1CA236BA00BE74A2 /* SDL2_image.framework */ = {isa = PBXFileReference; lastKnownFileType = wrapper.framework; name = SDL2_image.framework; path = ../../../../Library/Frameworks/SDL2_image.framework; sourceTree = "<group>"; };
		09BB28DC1CA236BA00BE74A2 /* SDL2_mixer.framework */ = {isa = PBXFileReference; lastKnownFileType = wrapper.framework; name = SDL2_mixer.framework; path = ../../../../Library/Frameworks/SDL2_mixer.framework; sourceTree = "<group>"; };
		09BB28DD1CA236BA00BE74A2 /* SDL2_ttf.framework */ = {isa = PBXFileReference; lastKnownFileType = wrapper.framework; name = SDL2_ttf.framework; path = ../../../../Library/Frameworks/SDL2_ttf.framework; sourceTree = "<group>"; };
		09BB28E11CA293E200BE74A2 /* SEWindow.cpp */ = {isa = PBXFileReference; fileEncoding = 4; lastKnownFileType = sourcecode.cpp.cpp; path = SEWindow.cpp; sourceTree = "<group>"; };
		09BB28E21CA293E200BE74A2 /* SEWindow.hpp */ = {isa = PBXFileReference; fileEncoding = 4; lastKnownFileType = sourcecode.cpp.h; path = SEWindow.hpp; sourceTree = "<group>"; };
		09BB28E51CA2DEA900BE74A2 /* fonts */ = {isa = PBXFileReference; lastKnownFileType = folder; path = fonts; sourceTree = "<group>"; };
		09BB28E61CA2DEA900BE74A2 /* images */ = {isa = PBXFileReference; lastKnownFileType = folder; path = images; sourceTree = "<group>"; };
		09BB28F41CA394F700BE74A2 /* Command.cpp */ = {isa = PBXFileReference; fileEncoding = 4; lastKnownFileType = sourcecode.cpp.cpp; path = Command.cpp; sourceTree = "<group>"; };
		09BB28F51CA394F700BE74A2 /* Command.hpp */ = {isa = PBXFileReference; fileEncoding = 4; lastKnownFileType = sourcecode.cpp.h; path = Command.hpp; sourceTree = "<group>"; };
		09BB28F61CA394F700BE74A2 /* InputHandler.cpp */ = {isa = PBXFileReference; fileEncoding = 4; lastKnownFileType = sourcecode.cpp.cpp; path = InputHandler.cpp; sourceTree = "<group>"; };
		09BB28F71CA394F700BE74A2 /* InputHandler.hpp */ = {isa = PBXFileReference; fileEncoding = 4; lastKnownFileType = sourcecode.cpp.h; path = InputHandler.hpp; sourceTree = "<group>"; };
		09BB28FB1CA3974F00BE74A2 /* SEGameEntity.cpp */ = {isa = PBXFileReference; fileEncoding = 4; lastKnownFileType = sourcecode.cpp.cpp; path = SEGameEntity.cpp; sourceTree = "<group>"; };
		09BB28FC1CA3974F00BE74A2 /* SEGameEntity.hpp */ = {isa = PBXFileReference; fileEncoding = 4; lastKnownFileType = sourcecode.cpp.h; path = SEGameEntity.hpp; sourceTree = "<group>"; };
		09E21B6C1CB280000095C444 /* HeroineAttackingState.cpp */ = {isa = PBXFileReference; fileEncoding = 4; lastKnownFileType = sourcecode.cpp.cpp; path = HeroineAttackingState.cpp; sourceTree = "<group>"; };
		09E21B6D1CB280000095C444 /* HeroineAttackingState.hpp */ = {isa = PBXFileReference; fileEncoding = 4; lastKnownFileType = sourcecode.cpp.h; path = HeroineAttackingState.hpp; sourceTree = "<group>"; };
		09E21B701CB3364A0095C444 /* TagManager.cpp */ = {isa = PBXFileReference; fileEncoding = 4; lastKnownFileType = sourcecode.cpp.cpp; path = TagManager.cpp; sourceTree = "<group>"; };
		09E21B711CB3364A0095C444 /* TagManager.hpp */ = {isa = PBXFileReference; fileEncoding = 4; lastKnownFileType = sourcecode.cpp.h; path = TagManager.hpp; sourceTree = "<group>"; };
		09E21B731CB4F4930095C444 /* MonsterAttackingState.cpp */ = {isa = PBXFileReference; fileEncoding = 4; lastKnownFileType = sourcecode.cpp.cpp; path = MonsterAttackingState.cpp; sourceTree = "<group>"; };
		09E21B741CB4F4930095C444 /* MonsterAttackingState.hpp */ = {isa = PBXFileReference; fileEncoding = 4; lastKnownFileType = sourcecode.cpp.h; path = MonsterAttackingState.hpp; sourceTree = "<group>"; };
		09E21B761CB766790095C444 /* UIRoot.cpp */ = {isa = PBXFileReference; fileEncoding = 4; lastKnownFileType = sourcecode.cpp.cpp; path = UIRoot.cpp; sourceTree = "<group>"; };
		09E21B771CB766790095C444 /* UIRoot.hpp */ = {isa = PBXFileReference; fileEncoding = 4; lastKnownFileType = sourcecode.cpp.h; path = UIRoot.hpp; sourceTree = "<group>"; };
		09E21B8D1CB791720095C444 /* MoveEntity.cpp */ = {isa = PBXFileReference; fileEncoding = 4; lastKnownFileType = sourcecode.cpp.cpp; path = MoveEntity.cpp; sourceTree = "<group>"; };
		09E21B8E1CB791720095C444 /* MoveEntity.hpp */ = {isa = PBXFileReference; fileEncoding = 4; lastKnownFileType = sourcecode.cpp.h; path = MoveEntity.hpp; sourceTree = "<group>"; };
		09E21B901CB793160095C444 /* SEClipSprite.cpp */ = {isa = PBXFileReference; fileEncoding = 4; lastKnownFileType = sourcecode.cpp.cpp; path = SEClipSprite.cpp; sourceTree = "<group>"; };
		09E21B911CB793160095C444 /* SEClipSprite.hpp */ = {isa = PBXFileReference; fileEncoding = 4; lastKnownFileType = sourcecode.cpp.h; path = SEClipSprite.hpp; sourceTree = "<group>"; };
		09F178371CAA161D00ECED44 /* SEDirector.cpp */ = {isa = PBXFileReference; fileEncoding = 4; lastKnownFileType = sourcecode.cpp.cpp; path = SEDirector.cpp; sourceTree = "<group>"; };
		09F178381CAA161D00ECED44 /* SEDirector.hpp */ = {isa = PBXFileReference; fileEncoding = 4; lastKnownFileType = sourcecode.cpp.h; path = SEDirector.hpp; sourceTree = "<group>"; };
/* End PBXFileReference section */

/* Begin PBXFrameworksBuildPhase section */
		0985B59B1C9E916A00DF6093 /* Frameworks */ = {
			isa = PBXFrameworksBuildPhase;
			buildActionMask = 2147483647;
			files = (
				09BB28DE1CA236BA00BE74A2 /* SDL2_image.framework in Frameworks */,
				09BB28DF1CA236BA00BE74A2 /* SDL2_mixer.framework in Frameworks */,
				09BB28E01CA236BA00BE74A2 /* SDL2_ttf.framework in Frameworks */,
				0985B5A91C9E91A700DF6093 /* SDL2.framework in Frameworks */,
			);
			runOnlyForDeploymentPostprocessing = 0;
		};
/* End PBXFrameworksBuildPhase section */

/* Begin PBXGroup section */
		090145A41CA7EFE400EC0C59 /* StatePattern */ = {
			isa = PBXGroup;
			children = (
				09E21B8D1CB791720095C444 /* MoveEntity.cpp */,
				09E21B8E1CB791720095C444 /* MoveEntity.hpp */,
				09AEB0AD1CAE4573008A403D /* Monster */,
				09AEB0AC1CAE454A008A403D /* Heroine */,
			);
			name = StatePattern;
			sourceTree = "<group>";
		};
		090145AE1CA918E400EC0C59 /* ComponetPattern */ = {
			isa = PBXGroup;
			children = (
				090145AF1CA91AE200EC0C59 /* SETransform.cpp */,
				090145B01CA91AE200EC0C59 /* SETransform.hpp */,
				090145B21CA91B7F00EC0C59 /* SEComponent.cpp */,
				090145B31CA91B7F00EC0C59 /* SEComponent.hpp */,
			);
			name = ComponetPattern;
			sourceTree = "<group>";
		};
		0985B5951C9E916A00DF6093 = {
			isa = PBXGroup;
			children = (
				09BB28DB1CA236BA00BE74A2 /* SDL2_image.framework */,
				09BB28DC1CA236BA00BE74A2 /* SDL2_mixer.framework */,
				09BB28DD1CA236BA00BE74A2 /* SDL2_ttf.framework */,
				0985B5A81C9E91A700DF6093 /* SDL2.framework */,
				0985B5A01C9E916A00DF6093 /* SDLGameTD */,
				0985B59F1C9E916A00DF6093 /* Products */,
			);
			sourceTree = "<group>";
		};
		0985B59F1C9E916A00DF6093 /* Products */ = {
			isa = PBXGroup;
			children = (
				0985B59E1C9E916A00DF6093 /* SDLGameTD */,
			);
			name = Products;
			sourceTree = "<group>";
		};
		0985B5A01C9E916A00DF6093 /* SDLGameTD */ = {
			isa = PBXGroup;
			children = (
				09BB28FA1CA396CE00BE74A2 /* Engine */,
				09E21B6F1CB332B60095C444 /* Logic */,
				09BB28E51CA2DEA900BE74A2 /* fonts */,
				09BB28E61CA2DEA900BE74A2 /* images */,
			);
			path = SDLGameTD;
			sourceTree = "<group>";
		};
		099939F91CC1F17200B38173 /* UI */ = {
			isa = PBXGroup;
			children = (
				09E21B761CB766790095C444 /* UIRoot.cpp */,
				09E21B771CB766790095C444 /* UIRoot.hpp */,
				099939FA1CC1F1DB00B38173 /* UIBuildController.cpp */,
				099939FB1CC1F1DB00B38173 /* UIBuildController.hpp */,
			);
			name = UI;
			sourceTree = "<group>";
		};
		09AEB0AC1CAE454A008A403D /* Heroine */ = {
			isa = PBXGroup;
			children = (
				092848E61CABD9DF00E95BA0 /* HeroineMovingState.cpp */,
				092848E71CABD9DF00E95BA0 /* HeroineMovingState.hpp */,
				090145A51CA7F03000EC0C59 /* Heroine.cpp */,
				090145A61CA7F03000EC0C59 /* Heroine.hpp */,
				090145A81CA7F2DC00EC0C59 /* HeroineState.cpp */,
				090145A91CA7F2DC00EC0C59 /* HeroineState.hpp */,
				090145AB1CA7F4D800EC0C59 /* HeroineStandingState.cpp */,
				090145AC1CA7F4D800EC0C59 /* HeroineStandingState.hpp */,
				09E21B6C1CB280000095C444 /* HeroineAttackingState.cpp */,
				09E21B6D1CB280000095C444 /* HeroineAttackingState.hpp */,
			);
			name = Heroine;
			sourceTree = "<group>";
		};
		09AEB0AD1CAE4573008A403D /* Monster */ = {
			isa = PBXGroup;
			children = (
				090F5C2F1CB0E0D500705DC3 /* MonsterState.cpp */,
				090F5C301CB0E0D500705DC3 /* MonsterState.hpp */,
				090F5C321CB0E16B00705DC3 /* Monster.cpp */,
				090F5C331CB0E16B00705DC3 /* Monster.hpp */,
				090F5C351CB0E2BC00705DC3 /* MonsterStandingState.cpp */,
				090F5C361CB0E2BC00705DC3 /* MonsterStandingState.hpp */,
				090F5C381CB0E3CA00705DC3 /* MonsterMovingState.cpp */,
				090F5C391CB0E3CA00705DC3 /* MonsterMovingState.hpp */,
				09E21B731CB4F4930095C444 /* MonsterAttackingState.cpp */,
				09E21B741CB4F4930095C444 /* MonsterAttackingState.hpp */,
			);
			name = Monster;
			sourceTree = "<group>";
		};
		09BB28ED1CA394AD00BE74A2 /* CommandPattern */ = {
			isa = PBXGroup;
			children = (
				09BB28F41CA394F700BE74A2 /* Command.cpp */,
				09BB28F51CA394F700BE74A2 /* Command.hpp */,
				09BB28F61CA394F700BE74A2 /* InputHandler.cpp */,
				09BB28F71CA394F700BE74A2 /* InputHandler.hpp */,
			);
			name = CommandPattern;
			sourceTree = "<group>";
		};
		09BB28FA1CA396CE00BE74A2 /* Engine */ = {
			isa = PBXGroup;
			children = (
				090145AE1CA918E400EC0C59 /* ComponetPattern */,
				0985B5A11C9E916A00DF6093 /* main.cpp */,
				09BB28E11CA293E200BE74A2 /* SEWindow.cpp */,
				09BB28E21CA293E200BE74A2 /* SEWindow.hpp */,
				09BB28FB1CA3974F00BE74A2 /* SEGameEntity.cpp */,
				09BB28FC1CA3974F00BE74A2 /* SEGameEntity.hpp */,
				090145B51CA91DEB00EC0C59 /* SESprite.cpp */,
				090145B61CA91DEB00EC0C59 /* SESprite.hpp */,
				09F178371CAA161D00ECED44 /* SEDirector.cpp */,
				09F178381CAA161D00ECED44 /* SEDirector.hpp */,
				092848DA1CAA6E4B00E95BA0 /* SEAutoReleasePool.cpp */,
				092848DB1CAA6E4B00E95BA0 /* SEAutoReleasePool.hpp */,
				092848E01CAA9DE100E95BA0 /* SERef.cpp */,
				092848E11CAA9DE100E95BA0 /* SERef.hpp */,
				09AEB0A81CACBAE3008A403D /* SEEventListener.cpp */,
				09AEB0A91CACBAE3008A403D /* SEEventListener.hpp */,
				090F5C2D1CAF5FB700705DC3 /* SimpleEngineMacros.h */,
				090F5C2E1CAF6BCD00705DC3 /* SimpleEngine.h */,
				09E21B901CB793160095C444 /* SEClipSprite.cpp */,
				09E21B911CB793160095C444 /* SEClipSprite.hpp */,
			);
			name = Engine;
			sourceTree = "<group>";
		};
		09E21B6F1CB332B60095C444 /* Logic */ = {
			isa = PBXGroup;
			children = (
				099939F91CC1F17200B38173 /* UI */,
				090145A41CA7EFE400EC0C59 /* StatePattern */,
				09BB28ED1CA394AD00BE74A2 /* CommandPattern */,
				092848E31CAB5D2E00E95BA0 /* StartScene.cpp */,
				092848E41CAB5D2E00E95BA0 /* StartScene.hpp */,
				09E21B701CB3364A0095C444 /* TagManager.cpp */,
				09E21B711CB3364A0095C444 /* TagManager.hpp */,
			);
			name = Logic;
			sourceTree = "<group>";
		};
/* End PBXGroup section */

/* Begin PBXNativeTarget section */
		0985B59D1C9E916A00DF6093 /* SDLGameTD */ = {
			isa = PBXNativeTarget;
			buildConfigurationList = 0985B5A51C9E916A00DF6093 /* Build configuration list for PBXNativeTarget "SDLGameTD" */;
			buildPhases = (
				0985B59A1C9E916A00DF6093 /* Sources */,
				0985B59B1C9E916A00DF6093 /* Frameworks */,
				0985B59C1C9E916A00DF6093 /* CopyFiles */,
			);
			buildRules = (
			);
			dependencies = (
			);
			name = SDLGameTD;
			productName = SDLGameTD;
			productReference = 0985B59E1C9E916A00DF6093 /* SDLGameTD */;
			productType = "com.apple.product-type.tool";
		};
/* End PBXNativeTarget section */

/* Begin PBXProject section */
		0985B5961C9E916A00DF6093 /* Project object */ = {
			isa = PBXProject;
			attributes = {
				LastUpgradeCheck = 0720;
				ORGANIZATIONNAME = "梅宇宸";
				TargetAttributes = {
					0985B59D1C9E916A00DF6093 = {
						CreatedOnToolsVersion = 7.2;
					};
				};
			};
			buildConfigurationList = 0985B5991C9E916A00DF6093 /* Build configuration list for PBXProject "SDLGameTD" */;
			compatibilityVersion = "Xcode 3.2";
			developmentRegion = English;
			hasScannedForEncodings = 0;
			knownRegions = (
				en,
			);
			mainGroup = 0985B5951C9E916A00DF6093;
			productRefGroup = 0985B59F1C9E916A00DF6093 /* Products */;
			projectDirPath = "";
			projectRoot = "";
			targets = (
				0985B59D1C9E916A00DF6093 /* SDLGameTD */,
			);
		};
/* End PBXProject section */

/* Begin PBXSourcesBuildPhase section */
		0985B59A1C9E916A00DF6093 /* Sources */ = {
			isa = PBXSourcesBuildPhase;
			buildActionMask = 2147483647;
			files = (
				090145B11CA91AE200EC0C59 /* SETransform.cpp in Sources */,
				092848E81CABD9DF00E95BA0 /* HeroineMovingState.cpp in Sources */,
				09E21B781CB766790095C444 /* UIRoot.cpp in Sources */,
				090F5C311CB0E0D500705DC3 /* MonsterState.cpp in Sources */,
				09E21B6E1CB280000095C444 /* HeroineAttackingState.cpp in Sources */,
				090145AA1CA7F2DC00EC0C59 /* HeroineState.cpp in Sources */,
				09AEB0AA1CACBAE3008A403D /* SEEventListener.cpp in Sources */,
				0985B5A21C9E916A00DF6093 /* main.cpp in Sources */,
				099939FC1CC1F1DB00B38173 /* UIBuildController.cpp in Sources */,
				092848E51CAB5D2E00E95BA0 /* StartScene.cpp in Sources */,
				090F5C341CB0E16B00705DC3 /* Monster.cpp in Sources */,
				090F5C3A1CB0E3CA00705DC3 /* MonsterMovingState.cpp in Sources */,
				092848E21CAA9DE100E95BA0 /* SERef.cpp in Sources */,
				09BB28F81CA394F700BE74A2 /* Command.cpp in Sources */,
				090145AD1CA7F4D800EC0C59 /* HeroineStandingState.cpp in Sources */,
				092848DC1CAA6E4B00E95BA0 /* SEAutoReleasePool.cpp in Sources */,
				09E21B921CB793160095C444 /* SEClipSprite.cpp in Sources */,
				09F178391CAA161D00ECED44 /* SEDirector.cpp in Sources */,
				090145A71CA7F03000EC0C59 /* Heroine.cpp in Sources */,
				090145B71CA91DEB00EC0C59 /* SESprite.cpp in Sources */,
				09E21B751CB4F4930095C444 /* MonsterAttackingState.cpp in Sources */,
				09BB28FD1CA3974F00BE74A2 /* SEGameEntity.cpp in Sources */,
				09BB28E31CA293E200BE74A2 /* SEWindow.cpp in Sources */,
				09BB28F91CA394F700BE74A2 /* InputHandler.cpp in Sources */,
				09E21B721CB3364A0095C444 /* TagManager.cpp in Sources */,
				090F5C371CB0E2BC00705DC3 /* MonsterStandingState.cpp in Sources */,
				090145B41CA91B7F00EC0C59 /* SEComponent.cpp in Sources */,
				09E21B8F1CB791720095C444 /* MoveEntity.cpp in Sources */,
			);
			runOnlyForDeploymentPostprocessing = 0;
		};
/* End PBXSourcesBuildPhase section */

/* Begin XCBuildConfiguration section */
		0985B5A31C9E916A00DF6093 /* Debug */ = {
			isa = XCBuildConfiguration;
			buildSettings = {
				ALWAYS_SEARCH_USER_PATHS = NO;
				CLANG_CXX_LANGUAGE_STANDARD = "gnu++0x";
				CLANG_CXX_LIBRARY = "libc++";
				CLANG_ENABLE_MODULES = YES;
				CLANG_ENABLE_OBJC_ARC = YES;
				CLANG_WARN_BOOL_CONVERSION = YES;
				CLANG_WARN_CONSTANT_CONVERSION = YES;
				CLANG_WARN_DIRECT_OBJC_ISA_USAGE = YES_ERROR;
				CLANG_WARN_EMPTY_BODY = YES;
				CLANG_WARN_ENUM_CONVERSION = YES;
				CLANG_WARN_INT_CONVERSION = YES;
				CLANG_WARN_OBJC_ROOT_CLASS = YES_ERROR;
				CLANG_WARN_UNREACHABLE_CODE = YES;
				CLANG_WARN__DUPLICATE_METHOD_MATCH = YES;
				CODE_SIGN_IDENTITY = "-";
				COPY_PHASE_STRIP = NO;
				DEBUG_INFORMATION_FORMAT = dwarf;
				ENABLE_STRICT_OBJC_MSGSEND = YES;
				ENABLE_TESTABILITY = YES;
				GCC_C_LANGUAGE_STANDARD = gnu99;
				GCC_DYNAMIC_NO_PIC = NO;
				GCC_NO_COMMON_BLOCKS = YES;
				GCC_OPTIMIZATION_LEVEL = 0;
				GCC_PREPROCESSOR_DEFINITIONS = (
					"DEBUG=1",
					"$(inherited)",
				);
				GCC_WARN_64_TO_32_BIT_CONVERSION = YES;
				GCC_WARN_ABOUT_RETURN_TYPE = YES_ERROR;
				GCC_WARN_UNDECLARED_SELECTOR = YES;
				GCC_WARN_UNINITIALIZED_AUTOS = YES_AGGRESSIVE;
				GCC_WARN_UNUSED_FUNCTION = YES;
				GCC_WARN_UNUSED_VARIABLE = YES;
				MACOSX_DEPLOYMENT_TARGET = 10.11;
				MTL_ENABLE_DEBUG_INFO = YES;
				ONLY_ACTIVE_ARCH = YES;
				SDKROOT = macosx;
			};
			name = Debug;
		};
		0985B5A41C9E916A00DF6093 /* Release */ = {
			isa = XCBuildConfiguration;
			buildSettings = {
				ALWAYS_SEARCH_USER_PATHS = NO;
				CLANG_CXX_LANGUAGE_STANDARD = "gnu++0x";
				CLANG_CXX_LIBRARY = "libc++";
				CLANG_ENABLE_MODULES = YES;
				CLANG_ENABLE_OBJC_ARC = YES;
				CLANG_WARN_BOOL_CONVERSION = YES;
				CLANG_WARN_CONSTANT_CONVERSION = YES;
				CLANG_WARN_DIRECT_OBJC_ISA_USAGE = YES_ERROR;
				CLANG_WARN_EMPTY_BODY = YES;
				CLANG_WARN_ENUM_CONVERSION = YES;
				CLANG_WARN_INT_CONVERSION = YES;
				CLANG_WARN_OBJC_ROOT_CLASS = YES_ERROR;
				CLANG_WARN_UNREACHABLE_CODE = YES;
				CLANG_WARN__DUPLICATE_METHOD_MATCH = YES;
				CODE_SIGN_IDENTITY = "-";
				COPY_PHASE_STRIP = NO;
				DEBUG_INFORMATION_FORMAT = "dwarf-with-dsym";
				ENABLE_NS_ASSERTIONS = NO;
				ENABLE_STRICT_OBJC_MSGSEND = YES;
				GCC_C_LANGUAGE_STANDARD = gnu99;
				GCC_NO_COMMON_BLOCKS = YES;
				GCC_WARN_64_TO_32_BIT_CONVERSION = YES;
				GCC_WARN_ABOUT_RETURN_TYPE = YES_ERROR;
				GCC_WARN_UNDECLARED_SELECTOR = YES;
				GCC_WARN_UNINITIALIZED_AUTOS = YES_AGGRESSIVE;
				GCC_WARN_UNUSED_FUNCTION = YES;
				GCC_WARN_UNUSED_VARIABLE = YES;
				MACOSX_DEPLOYMENT_TARGET = 10.11;
				MTL_ENABLE_DEBUG_INFO = NO;
				SDKROOT = macosx;
			};
			name = Release;
		};
		0985B5A61C9E916A00DF6093 /* Debug */ = {
			isa = XCBuildConfiguration;
			buildSettings = {
				FRAMEWORK_SEARCH_PATHS = (
					"$(inherited)",
					"$(LOCAL_LIBRARY_DIR)/Frameworks",
				);
				PRODUCT_NAME = "$(TARGET_NAME)";
			};
			name = Debug;
		};
		0985B5A71C9E916A00DF6093 /* Release */ = {
			isa = XCBuildConfiguration;
			buildSettings = {
				FRAMEWORK_SEARCH_PATHS = (
					"$(inherited)",
					"$(LOCAL_LIBRARY_DIR)/Frameworks",
				);
				PRODUCT_NAME = "$(TARGET_NAME)";
			};
			name = Release;
		};
/* End XCBuildConfiguration section */

/* Begin XCConfigurationList section */
		0985B5991C9E916A00DF6093 /* Build configuration list for PBXProject "SDLGameTD" */ = {
			isa = XCConfigurationList;
			buildConfigurations = (
				0985B5A31C9E916A00DF6093 /* Debug */,
				0985B5A41C9E916A00DF6093 /* Release */,
			);
			defaultConfigurationIsVisible = 0;
			defaultConfigurationName = Release;
		};
		0985B5A51C9E916A00DF6093 /* Build configuration list for PBXNativeTarget "SDLGameTD" */ = {
			isa = XCConfigurationList;
			buildConfigurations = (
				0985B5A61C9E916A00DF6093 /* Debug */,
				0985B5A71C9E916A00DF6093 /* Release */,
			);
			defaultConfigurationIsVisible = 0;
			defaultConfigurationName = Release;
		};
/* End XCConfigurationList section */
	};
	rootObject = 0985B5961C9E916A00DF6093 /* Project object */;
}
